
Microsoft Visual Studio Solution File, Format Version 12.00
# Visual Studio Version 17
VisualStudioVersion = 17.5.33414.496
MinimumVisualStudioVersion = 10.0.40219.1
Project("{FAE04EC0-301F-11D3-BF4B-00C04F79EFBC}") = "Egitim1", "Egitim1\Egitim1.csproj", "{DA0E3CA9-4459-4801-B9FC-FA186186A4FC}"
EndProject
Global
	GlobalSection(SolutionConfigurationPlatforms) = preSolution
		Debug|Any CPU = Debug|Any CPU
		Release|Any CPU = Release|Any CPU
	EndGlobalSection
	GlobalSection(ProjectConfigurationPlatforms) = postSolution
		{DA0E3CA9-4459-4801-B9FC-FA186186A4FC}.Debug|Any CPU.ActiveCfg = Debug|Any CPU
		{DA0E3CA9-4459-4801-B9FC-FA186186A4FC}.Debug|Any CPU.Build.0 = Debug|Any CPU
		{DA0E3CA9-4459-4801-B9FC-FA186186A4FC}.Release|Any CPU.ActiveCfg = Release|Any CPU
		{DA0E3CA9-4459-4801-B9FC-FA186186A4FC}.Release|Any CPU.Build.0 = Release|Any CPU
	EndGlobalSection
	GlobalSection(SolutionProperties) = preSolution
		HideSolutionNode = FALSE
	EndGlobalSection
	GlobalSection(ExtensibilityGlobals) = postSolution
		SolutionGuid = {3DB2A795-6A79-4ACA-9F9A-D4CD4915DEEC}
	EndGlobalSection
EndGlobal
